// !$*UTF8*$!
{
	archiveVersion = 1;
	classes = {
	};
	objectVersion = 77;
	objects = {

/* Begin PBXBuildFile section */
		018C47AD90D12E924FB935AB /* Themes in Resources */ = {isa = PBXBuildFile; fileRef = 843E9465C84149EFE3A2897D /* Themes */; };
		054CE5EB3122518217B9AB5A /* PreferencesView.swift in Sources */ = {isa = PBXBuildFile; fileRef = 395BF64CF82855D86EBF6ADF /* PreferencesView.swift */; };
		0B2D2D52B9331097FFE5F07F /* FrontMatterTests.swift in Sources */ = {isa = PBXBuildFile; fileRef = 867DD05AB2A6127C4F0C9C16 /* FrontMatterTests.swift */; };
		139C96CDD864D59445C00BC6 /* FontPickerButton.swift in Sources */ = {isa = PBXBuildFile; fileRef = EBB65AB57456E766DB965A88 /* FontPickerButton.swift */; };
		29FB917002D9F0C99E9920F6 /* PDFExporter.swift in Sources */ = {isa = PBXBuildFile; fileRef = 8EBCC1AED90F4E9D817849CD /* PDFExporter.swift */; };
		2FE418B0D0B46ACFF00D3D90 /* TemplateStore.swift in Sources */ = {isa = PBXBuildFile; fileRef = 38E0169E6DFFFF418FFB3B57 /* TemplateStore.swift */; };
		389E52EB58448E98E2F7B108 /* MarkdownRenderer.swift in Sources */ = {isa = PBXBuildFile; fileRef = 1E8BD9EC61D10243746D8375 /* MarkdownRenderer.swift */; };
		39B05F225A3403EA2B5F8EFB /* OutlineItem.swift in Sources */ = {isa = PBXBuildFile; fileRef = BE1F66ED40FA0CF63619A642 /* OutlineItem.swift */; };
		3A5A19B1EA2BD997365270FF /* Theme.swift in Sources */ = {isa = PBXBuildFile; fileRef = BC25AE91581B786D203B1242 /* Theme.swift */; };
		406E12B95BFBD8DA296BC749 /* TemplateStoreTests.swift in Sources */ = {isa = PBXBuildFile; fileRef = 21449B5F7921F639FD40A968 /* TemplateStoreTests.swift */; };
		42560957492ED12073514BFC /* SyntaxHighlighter.swift in Sources */ = {isa = PBXBuildFile; fileRef = 9E84737812911E50B90BAD07 /* SyntaxHighlighter.swift */; };
		42E9E63A177BBEC3C1C77F4C /* OutlineParserTests.swift in Sources */ = {isa = PBXBuildFile; fileRef = 0799A0A249919AB10ACB450D /* OutlineParserTests.swift */; };
		572BBA9351AD740394798F4C /* OutlineSidebar.swift in Sources */ = {isa = PBXBuildFile; fileRef = 80AA1CD18CAE69F9F389B729 /* OutlineSidebar.swift */; };
		5BF232C6666BBD8C369EF651 /* LocalAssetSchemeHandler.swift in Sources */ = {isa = PBXBuildFile; fileRef = 9CC4654D4B42C5ADD75FDE61 /* LocalAssetSchemeHandler.swift */; };
		63E14B19C7B2A071E738F8D9 /* ContentView.swift in Sources */ = {isa = PBXBuildFile; fileRef = 3797CA074DCFEDA92620494F /* ContentView.swift */; };
		64B6AECBAE917264F12617A7 /* MarkdownRendererSanitizationTests.swift in Sources */ = {isa = PBXBuildFile; fileRef = C857F54D96BCEFE6D4B69D76 /* MarkdownRendererSanitizationTests.swift */; };
		64DAD6CE57280B990E926310 /* FrontMatter.swift in Sources */ = {isa = PBXBuildFile; fileRef = 8F1089D73E20F33F2E47B987 /* FrontMatter.swift */; };
		85330739355F9C463E4CD075 /* StatusBarView.swift in Sources */ = {isa = PBXBuildFile; fileRef = 9F5AA75F8D7583B0C4F9EC47 /* StatusBarView.swift */; };
		8AED83797FABAA43B769881D /* CommandLineToolInstallerTests.swift in Sources */ = {isa = PBXBuildFile; fileRef = 50B7F228E986ECF5BBE52F7E /* CommandLineToolInstallerTests.swift */; };
		8B9EC8350F78E0AB7B8F3CA1 /* AppIcon.icon in Resources */ = {isa = PBXBuildFile; fileRef = F16EEAA6812CEF1367E5E70E /* AppIcon.icon */; };
		8FCCDA2AEF867CE33430E2AB /* AppSettings.swift in Sources */ = {isa = PBXBuildFile; fileRef = 07E12825E60D469770896AD0 /* AppSettings.swift */; };
		929BFDB34349884B9D3204E8 /* ViewMode.swift in Sources */ = {isa = PBXBuildFile; fileRef = 7E4312776DC33D2DB60D5F74 /* ViewMode.swift */; };
		A26DA0986A8ED17D4499DAB6 /* MarsEditApp.swift in Sources */ = {isa = PBXBuildFile; fileRef = 38D0B910556CD1F896CE0C9B /* MarsEditApp.swift */; };
		A92A8573EB271EFA73680891 /* Templates in Resources */ = {isa = PBXBuildFile; fileRef = 19D9EB529430091694ABD06D /* Templates */; };
		ADA17B0E251ED049FAEFEBE9 /* MarkdownRendererPathTests.swift in Sources */ = {isa = PBXBuildFile; fileRef = 0A3B0441B5C1CFE265BB59C9 /* MarkdownRendererPathTests.swift */; };
		AE8524BA70118DEF47401A8E /* HTMLExporter.swift in Sources */ = {isa = PBXBuildFile; fileRef = E2F65D66271440CB5F9CE106 /* HTMLExporter.swift */; };
		BD7F62953EDA1D99879C8834 /* Assets.xcassets in Resources */ = {isa = PBXBuildFile; fileRef = 1B34FBAE39268193D3A8FDB7 /* Assets.xcassets */; };
		D2F950B026B5841AB9850CBE /* EditorView.swift in Sources */ = {isa = PBXBuildFile; fileRef = 0BBABC595D4CDD5A500EAC60 /* EditorView.swift */; };
		DA9C7C16E99C1D8E8090354C /* mars in Resources */ = {isa = PBXBuildFile; fileRef = BBDBF879BB6D01B8CB823639 /* mars */; };
		E95AA631325A716C31D5F5C5 /* CommandLineToolInstaller.swift in Sources */ = {isa = PBXBuildFile; fileRef = 821D35CAC0FE0E2024E32390 /* CommandLineToolInstaller.swift */; };
		F5B20C085CB4D713E52E240C /* ToolbarView.swift in Sources */ = {isa = PBXBuildFile; fileRef = 0C3431F1D6C2B39029D9AABA /* ToolbarView.swift */; };
		F68D30B32D3A2F042D0BAC6A /* PreviewView.swift in Sources */ = {isa = PBXBuildFile; fileRef = 3987A695942E6DBB85EF8C88 /* PreviewView.swift */; };
		F6BB4DF5FD396147915CB80D /* Markdown in Frameworks */ = {isa = PBXBuildFile; productRef = 26711A8252F0CA1D8824652F /* Markdown */; };
		FF3979BCF2255A97C2B869AD /* MarkdownDocument.swift in Sources */ = {isa = PBXBuildFile; fileRef = 20A75AFE4A1D3E89F3DBC781 /* MarkdownDocument.swift */; };
/* End PBXBuildFile section */

/* Begin PBXContainerItemProxy section */
		792C08D3414AE2F3595345F2 /* PBXContainerItemProxy */ = {
			isa = PBXContainerItemProxy;
			containerPortal = D2410C834CF6981E377DE807 /* Project object */;
			proxyType = 1;
			remoteGlobalIDString = 92955BBB7A770AE2AE43B63D;
			remoteInfo = MarsEdit;
		};
/* End PBXContainerItemProxy section */

/* Begin PBXFileReference section */
		0799A0A249919AB10ACB450D /* OutlineParserTests.swift */ = {isa = PBXFileReference; lastKnownFileType = sourcecode.swift; path = OutlineParserTests.swift; sourceTree = "<group>"; };
		07E12825E60D469770896AD0 /* AppSettings.swift */ = {isa = PBXFileReference; lastKnownFileType = sourcecode.swift; path = AppSettings.swift; sourceTree = "<group>"; };
		0A3B0441B5C1CFE265BB59C9 /* MarkdownRendererPathTests.swift */ = {isa = PBXFileReference; lastKnownFileType = sourcecode.swift; path = MarkdownRendererPathTests.swift; sourceTree = "<group>"; };
		0BBABC595D4CDD5A500EAC60 /* EditorView.swift */ = {isa = PBXFileReference; lastKnownFileType = sourcecode.swift; path = EditorView.swift; sourceTree = "<group>"; };
		0C3431F1D6C2B39029D9AABA /* ToolbarView.swift */ = {isa = PBXFileReference; lastKnownFileType = sourcecode.swift; path = ToolbarView.swift; sourceTree = "<group>"; };
		19D9EB529430091694ABD06D /* Templates */ = {isa = PBXFileReference; lastKnownFileType = folder; name = Templates; path = MarsEdit/Resources/Templates; sourceTree = SOURCE_ROOT; };
		1B34FBAE39268193D3A8FDB7 /* Assets.xcassets */ = {isa = PBXFileReference; lastKnownFileType = folder.assetcatalog; path = Assets.xcassets; sourceTree = "<group>"; };
		1E8BD9EC61D10243746D8375 /* MarkdownRenderer.swift */ = {isa = PBXFileReference; lastKnownFileType = sourcecode.swift; path = MarkdownRenderer.swift; sourceTree = "<group>"; };
		20A75AFE4A1D3E89F3DBC781 /* MarkdownDocument.swift */ = {isa = PBXFileReference; lastKnownFileType = sourcecode.swift; path = MarkdownDocument.swift; sourceTree = "<group>"; };
		21449B5F7921F639FD40A968 /* TemplateStoreTests.swift */ = {isa = PBXFileReference; lastKnownFileType = sourcecode.swift; path = TemplateStoreTests.swift; sourceTree = "<group>"; };
		3797CA074DCFEDA92620494F /* ContentView.swift */ = {isa = PBXFileReference; lastKnownFileType = sourcecode.swift; path = ContentView.swift; sourceTree = "<group>"; };
		37DB177217C2758BFC8B7C6C /* MarsEdit.app */ = {isa = PBXFileReference; explicitFileType = wrapper.application; includeInIndex = 0; path = MarsEdit.app; sourceTree = BUILT_PRODUCTS_DIR; };
		38D0B910556CD1F896CE0C9B /* MarsEditApp.swift */ = {isa = PBXFileReference; lastKnownFileType = sourcecode.swift; path = MarsEditApp.swift; sourceTree = "<group>"; };
		38E0169E6DFFFF418FFB3B57 /* TemplateStore.swift */ = {isa = PBXFileReference; lastKnownFileType = sourcecode.swift; path = TemplateStore.swift; sourceTree = "<group>"; };
		395BF64CF82855D86EBF6ADF /* PreferencesView.swift */ = {isa = PBXFileReference; lastKnownFileType = sourcecode.swift; path = PreferencesView.swift; sourceTree = "<group>"; };
		3987A695942E6DBB85EF8C88 /* PreviewView.swift */ = {isa = PBXFileReference; lastKnownFileType = sourcecode.swift; path = PreviewView.swift; sourceTree = "<group>"; };
		50B7F228E986ECF5BBE52F7E /* CommandLineToolInstallerTests.swift */ = {isa = PBXFileReference; lastKnownFileType = sourcecode.swift; path = CommandLineToolInstallerTests.swift; sourceTree = "<group>"; };
		5236D5774EBD359052AEDEFD /* MarsEditTests.xctest */ = {isa = PBXFileReference; explicitFileType = wrapper.cfbundle; includeInIndex = 0; path = MarsEditTests.xctest; sourceTree = BUILT_PRODUCTS_DIR; };
		5A6C29EF814D1782BFA80831 /* MarsEdit.entitlements */ = {isa = PBXFileReference; lastKnownFileType = text.plist.entitlements; path = MarsEdit.entitlements; sourceTree = "<group>"; };
		7E4312776DC33D2DB60D5F74 /* ViewMode.swift */ = {isa = PBXFileReference; lastKnownFileType = sourcecode.swift; path = ViewMode.swift; sourceTree = "<group>"; };
		80AA1CD18CAE69F9F389B729 /* OutlineSidebar.swift */ = {isa = PBXFileReference; lastKnownFileType = sourcecode.swift; path = OutlineSidebar.swift; sourceTree = "<group>"; };
		821D35CAC0FE0E2024E32390 /* CommandLineToolInstaller.swift */ = {isa = PBXFileReference; lastKnownFileType = sourcecode.swift; path = CommandLineToolInstaller.swift; sourceTree = "<group>"; };
		843E9465C84149EFE3A2897D /* Themes */ = {isa = PBXFileReference; lastKnownFileType = folder; name = Themes; path = MarsEdit/Resources/Themes; sourceTree = SOURCE_ROOT; };
		867DD05AB2A6127C4F0C9C16 /* FrontMatterTests.swift */ = {isa = PBXFileReference; lastKnownFileType = sourcecode.swift; path = FrontMatterTests.swift; sourceTree = "<group>"; };
		8EBCC1AED90F4E9D817849CD /* PDFExporter.swift */ = {isa = PBXFileReference; lastKnownFileType = sourcecode.swift; path = PDFExporter.swift; sourceTree = "<group>"; };
		8F1089D73E20F33F2E47B987 /* FrontMatter.swift */ = {isa = PBXFileReference; lastKnownFileType = sourcecode.swift; path = FrontMatter.swift; sourceTree = "<group>"; };
		9CC4654D4B42C5ADD75FDE61 /* LocalAssetSchemeHandler.swift */ = {isa = PBXFileReference; lastKnownFileType = sourcecode.swift; path = LocalAssetSchemeHandler.swift; sourceTree = "<group>"; };
		9E84737812911E50B90BAD07 /* SyntaxHighlighter.swift */ = {isa = PBXFileReference; lastKnownFileType = sourcecode.swift; path = SyntaxHighlighter.swift; sourceTree = "<group>"; };
		9F5AA75F8D7583B0C4F9EC47 /* StatusBarView.swift */ = {isa = PBXFileReference; lastKnownFileType = sourcecode.swift; path = StatusBarView.swift; sourceTree = "<group>"; };
		B54F2C6F9F7C453961CBB8BA /* Info.plist */ = {isa = PBXFileReference; lastKnownFileType = text.plist; path = Info.plist; sourceTree = "<group>"; };
		BBDBF879BB6D01B8CB823639 /* mars */ = {isa = PBXFileReference; path = mars; sourceTree = "<group>"; };
		BC25AE91581B786D203B1242 /* Theme.swift */ = {isa = PBXFileReference; lastKnownFileType = sourcecode.swift; path = Theme.swift; sourceTree = "<group>"; };
		BE1F66ED40FA0CF63619A642 /* OutlineItem.swift */ = {isa = PBXFileReference; lastKnownFileType = sourcecode.swift; path = OutlineItem.swift; sourceTree = "<group>"; };
		C857F54D96BCEFE6D4B69D76 /* MarkdownRendererSanitizationTests.swift */ = {isa = PBXFileReference; lastKnownFileType = sourcecode.swift; path = MarkdownRendererSanitizationTests.swift; sourceTree = "<group>"; };
		E2F65D66271440CB5F9CE106 /* HTMLExporter.swift */ = {isa = PBXFileReference; lastKnownFileType = sourcecode.swift; path = HTMLExporter.swift; sourceTree = "<group>"; };
		EBB65AB57456E766DB965A88 /* FontPickerButton.swift */ = {isa = PBXFileReference; lastKnownFileType = sourcecode.swift; path = FontPickerButton.swift; sourceTree = "<group>"; };
		F16EEAA6812CEF1367E5E70E /* AppIcon.icon */ = {isa = PBXFileReference; lastKnownFileType = wrapper.icon; path = AppIcon.icon; sourceTree = "<group>"; };
/* End PBXFileReference section */

/* Begin PBXFrameworksBuildPhase section */
		157F844C4E22920EB59EA22D /* Frameworks */ = {
			isa = PBXFrameworksBuildPhase;
			buildActionMask = 2147483647;
			files = (
				F6BB4DF5FD396147915CB80D /* Markdown in Frameworks */,
			);
			runOnlyForDeploymentPostprocessing = 0;
		};
/* End PBXFrameworksBuildPhase section */

/* Begin PBXGroup section */
		04098D33C13E891E461050E7 /* Products */ = {
			isa = PBXGroup;
			children = (
				37DB177217C2758BFC8B7C6C /* MarsEdit.app */,
				5236D5774EBD359052AEDEFD /* MarsEditTests.xctest */,
			);
			name = Products;
			sourceTree = "<group>";
		};
		44D526E77E9E008DAE1F3D37 /* Preferences */ = {
			isa = PBXGroup;
			children = (
				821D35CAC0FE0E2024E32390 /* CommandLineToolInstaller.swift */,
				EBB65AB57456E766DB965A88 /* FontPickerButton.swift */,
				395BF64CF82855D86EBF6ADF /* PreferencesView.swift */,
			);
			path = Preferences;
			sourceTree = "<group>";
		};
		45C54025417235D821859C16 = {
			isa = PBXGroup;
			children = (
				19D9EB529430091694ABD06D /* Templates */,
				843E9465C84149EFE3A2897D /* Themes */,
				C45BAD11DA7C6F4A2D04C3D7 /* MarsEdit */,
				67D344F23B0C01FDFBC70805 /* MarsEditTests */,
				CB64465A1DF54BD874242167 /* Resources */,
				04098D33C13E891E461050E7 /* Products */,
			);
			sourceTree = "<group>";
		};
		632AA5571E4835CA1ED943EF /* Document */ = {
			isa = PBXGroup;
			children = (
				20A75AFE4A1D3E89F3DBC781 /* MarkdownDocument.swift */,
			);
			path = Document;
			sourceTree = "<group>";
		};
		6345566C86E72242370D9B0D /* App */ = {
			isa = PBXGroup;
			children = (
				38D0B910556CD1F896CE0C9B /* MarsEditApp.swift */,
			);
			path = App;
			sourceTree = "<group>";
		};
		67D344F23B0C01FDFBC70805 /* MarsEditTests */ = {
			isa = PBXGroup;
			children = (
				50B7F228E986ECF5BBE52F7E /* CommandLineToolInstallerTests.swift */,
				867DD05AB2A6127C4F0C9C16 /* FrontMatterTests.swift */,
				0A3B0441B5C1CFE265BB59C9 /* MarkdownRendererPathTests.swift */,
				C857F54D96BCEFE6D4B69D76 /* MarkdownRendererSanitizationTests.swift */,
				0799A0A249919AB10ACB450D /* OutlineParserTests.swift */,
				21449B5F7921F639FD40A968 /* TemplateStoreTests.swift */,
			);
			path = MarsEditTests;
			sourceTree = "<group>";
		};
		9C065F0056C40B72223FA187 /* Export */ = {
			isa = PBXGroup;
			children = (
				E2F65D66271440CB5F9CE106 /* HTMLExporter.swift */,
				8EBCC1AED90F4E9D817849CD /* PDFExporter.swift */,
			);
			path = Export;
			sourceTree = "<group>";
		};
		A897877DCC266778E9CBC864 /* Models */ = {
			isa = PBXGroup;
			children = (
				07E12825E60D469770896AD0 /* AppSettings.swift */,
				BE1F66ED40FA0CF63619A642 /* OutlineItem.swift */,
				38E0169E6DFFFF418FFB3B57 /* TemplateStore.swift */,
				BC25AE91581B786D203B1242 /* Theme.swift */,
				7E4312776DC33D2DB60D5F74 /* ViewMode.swift */,
			);
			path = Models;
			sourceTree = "<group>";
		};
		C45BAD11DA7C6F4A2D04C3D7 /* MarsEdit */ = {
			isa = PBXGroup;
			children = (
				1B34FBAE39268193D3A8FDB7 /* Assets.xcassets */,
				B54F2C6F9F7C453961CBB8BA /* Info.plist */,
				5A6C29EF814D1782BFA80831 /* MarsEdit.entitlements */,
				6345566C86E72242370D9B0D /* App */,
				632AA5571E4835CA1ED943EF /* Document */,
				9C065F0056C40B72223FA187 /* Export */,
				A897877DCC266778E9CBC864 /* Models */,
				44D526E77E9E008DAE1F3D37 /* Preferences */,
				E7E09D1A633DF43459952C75 /* Rendering */,
				E57FA953711D47C6DBB46507 /* Views */,
			);
			path = MarsEdit;
			sourceTree = "<group>";
		};
		CB64465A1DF54BD874242167 /* Resources */ = {
			isa = PBXGroup;
			children = (
				F16EEAA6812CEF1367E5E70E /* AppIcon.icon */,
				BBDBF879BB6D01B8CB823639 /* mars */,
			);
			name = Resources;
			path = MarsEdit/Resources;
			sourceTree = "<group>";
		};
		E57FA953711D47C6DBB46507 /* Views */ = {
			isa = PBXGroup;
			children = (
				3797CA074DCFEDA92620494F /* ContentView.swift */,
				0BBABC595D4CDD5A500EAC60 /* EditorView.swift */,
				80AA1CD18CAE69F9F389B729 /* OutlineSidebar.swift */,
				3987A695942E6DBB85EF8C88 /* PreviewView.swift */,
				9F5AA75F8D7583B0C4F9EC47 /* StatusBarView.swift */,
				0C3431F1D6C2B39029D9AABA /* ToolbarView.swift */,
			);
			path = Views;
			sourceTree = "<group>";
		};
		E7E09D1A633DF43459952C75 /* Rendering */ = {
			isa = PBXGroup;
			children = (
				8F1089D73E20F33F2E47B987 /* FrontMatter.swift */,
				9CC4654D4B42C5ADD75FDE61 /* LocalAssetSchemeHandler.swift */,
				1E8BD9EC61D10243746D8375 /* MarkdownRenderer.swift */,
				9E84737812911E50B90BAD07 /* SyntaxHighlighter.swift */,
			);
			path = Rendering;
			sourceTree = "<group>";
		};
/* End PBXGroup section */

/* Begin PBXNativeTarget section */
		01808AB1C79BBAF8B6E99600 /* MarsEditTests */ = {
			isa = PBXNativeTarget;
			buildConfigurationList = C0DD55592CCEF8D5D5A9C96A /* Build configuration list for PBXNativeTarget "MarsEditTests" */;
			buildPhases = (
				DB6534E026952315812768EB /* Sources */,
			);
			buildRules = (
			);
			dependencies = (
				B73582017F8020FA7E364C62 /* PBXTargetDependency */,
			);
			name = MarsEditTests;
			packageProductDependencies = (
			);
			productName = MarsEditTests;
			productReference = 5236D5774EBD359052AEDEFD /* MarsEditTests.xctest */;
			productType = "com.apple.product-type.bundle.unit-test";
		};
		92955BBB7A770AE2AE43B63D /* MarsEdit */ = {
			isa = PBXNativeTarget;
			buildConfigurationList = 624EB9BBC57B0C6BD62CE38F /* Build configuration list for PBXNativeTarget "MarsEdit" */;
			buildPhases = (
				60D4DB0236A6DA243AD1F8AE /* Sources */,
				18A132B52206C4564A46B300 /* Resources */,
				157F844C4E22920EB59EA22D /* Frameworks */,
			);
			buildRules = (
			);
			dependencies = (
			);
			name = MarsEdit;
			packageProductDependencies = (
				26711A8252F0CA1D8824652F /* Markdown */,
			);
			productName = MarsEdit;
			productReference = 37DB177217C2758BFC8B7C6C /* MarsEdit.app */;
			productType = "com.apple.product-type.application";
		};
/* End PBXNativeTarget section */

/* Begin PBXProject section */
		D2410C834CF6981E377DE807 /* Project object */ = {
			isa = PBXProject;
			attributes = {
				BuildIndependentTargetsInParallel = YES;
				LastUpgradeCheck = 1430;
				TargetAttributes = {
				};
			};
			buildConfigurationList = C3010DCB937E76AF1A766BF1 /* Build configuration list for PBXProject "MarsEdit" */;
			developmentRegion = en;
			hasScannedForEncodings = 0;
			knownRegions = (
				Base,
				en,
			);
			mainGroup = 45C54025417235D821859C16;
			minimizedProjectReferenceProxies = 1;
			packageReferences = (
				F4216F0B86039832E3A35830 /* XCRemoteSwiftPackageReference "swift-markdown" */,
			);
			preferredProjectObjectVersion = 77;
			productRefGroup = 04098D33C13E891E461050E7 /* Products */;
			projectDirPath = "";
			projectRoot = "";
			targets = (
				92955BBB7A770AE2AE43B63D /* MarsEdit */,
				01808AB1C79BBAF8B6E99600 /* MarsEditTests */,
			);
		};
/* End PBXProject section */

/* Begin PBXResourcesBuildPhase section */
		18A132B52206C4564A46B300 /* Resources */ = {
			isa = PBXResourcesBuildPhase;
			buildActionMask = 2147483647;
			files = (
				8B9EC8350F78E0AB7B8F3CA1 /* AppIcon.icon in Resources */,
				BD7F62953EDA1D99879C8834 /* Assets.xcassets in Resources */,
				A92A8573EB271EFA73680891 /* Templates in Resources */,
				018C47AD90D12E924FB935AB /* Themes in Resources */,
				DA9C7C16E99C1D8E8090354C /* mars in Resources */,
			);
			runOnlyForDeploymentPostprocessing = 0;
		};
/* End PBXResourcesBuildPhase section */

/* Begin PBXSourcesBuildPhase section */
		60D4DB0236A6DA243AD1F8AE /* Sources */ = {
			isa = PBXSourcesBuildPhase;
			buildActionMask = 2147483647;
			files = (
				8FCCDA2AEF867CE33430E2AB /* AppSettings.swift in Sources */,
				E95AA631325A716C31D5F5C5 /* CommandLineToolInstaller.swift in Sources */,
				63E14B19C7B2A071E738F8D9 /* ContentView.swift in Sources */,
				D2F950B026B5841AB9850CBE /* EditorView.swift in Sources */,
				139C96CDD864D59445C00BC6 /* FontPickerButton.swift in Sources */,
				64DAD6CE57280B990E926310 /* FrontMatter.swift in Sources */,
				AE8524BA70118DEF47401A8E /* HTMLExporter.swift in Sources */,
				5BF232C6666BBD8C369EF651 /* LocalAssetSchemeHandler.swift in Sources */,
				FF3979BCF2255A97C2B869AD /* MarkdownDocument.swift in Sources */,
				389E52EB58448E98E2F7B108 /* MarkdownRenderer.swift in Sources */,
				A26DA0986A8ED17D4499DAB6 /* MarsEditApp.swift in Sources */,
				39B05F225A3403EA2B5F8EFB /* OutlineItem.swift in Sources */,
				572BBA9351AD740394798F4C /* OutlineSidebar.swift in Sources */,
				29FB917002D9F0C99E9920F6 /* PDFExporter.swift in Sources */,
				054CE5EB3122518217B9AB5A /* PreferencesView.swift in Sources */,
				F68D30B32D3A2F042D0BAC6A /* PreviewView.swift in Sources */,
				85330739355F9C463E4CD075 /* StatusBarView.swift in Sources */,
				42560957492ED12073514BFC /* SyntaxHighlighter.swift in Sources */,
				2FE418B0D0B46ACFF00D3D90 /* TemplateStore.swift in Sources */,
				3A5A19B1EA2BD997365270FF /* Theme.swift in Sources */,
				F5B20C085CB4D713E52E240C /* ToolbarView.swift in Sources */,
				929BFDB34349884B9D3204E8 /* ViewMode.swift in Sources */,
			);
			runOnlyForDeploymentPostprocessing = 0;
		};
		DB6534E026952315812768EB /* Sources */ = {
			isa = PBXSourcesBuildPhase;
			buildActionMask = 2147483647;
			files = (
				8AED83797FABAA43B769881D /* CommandLineToolInstallerTests.swift in Sources */,
				0B2D2D52B9331097FFE5F07F /* FrontMatterTests.swift in Sources */,
				ADA17B0E251ED049FAEFEBE9 /* MarkdownRendererPathTests.swift in Sources */,
				64B6AECBAE917264F12617A7 /* MarkdownRendererSanitizationTests.swift in Sources */,
				42E9E63A177BBEC3C1C77F4C /* OutlineParserTests.swift in Sources */,
				406E12B95BFBD8DA296BC749 /* TemplateStoreTests.swift in Sources */,
			);
			runOnlyForDeploymentPostprocessing = 0;
		};
/* End PBXSourcesBuildPhase section */

/* Begin PBXTargetDependency section */
		B73582017F8020FA7E364C62 /* PBXTargetDependency */ = {
			isa = PBXTargetDependency;
			target = 92955BBB7A770AE2AE43B63D /* MarsEdit */;
			targetProxy = 792C08D3414AE2F3595345F2 /* PBXContainerItemProxy */;
		};
/* End PBXTargetDependency section */

/* Begin XCBuildConfiguration section */
		1FED43E4EA7A9AB4C7802CEF /* Release */ = {
			isa = XCBuildConfiguration;
			buildSettings = {
				ALWAYS_SEARCH_USER_PATHS = NO;
				CLANG_ANALYZER_NONNULL = YES;
				CLANG_ANALYZER_NUMBER_OBJECT_CONVERSION = YES_AGGRESSIVE;
				CLANG_CXX_LANGUAGE_STANDARD = "gnu++14";
				CLANG_CXX_LIBRARY = "libc++";
				CLANG_ENABLE_MODULES = YES;
				CLANG_ENABLE_OBJC_ARC = YES;
				CLANG_ENABLE_OBJC_WEAK = YES;
				CLANG_WARN_BLOCK_CAPTURE_AUTORELEASING = YES;
				CLANG_WARN_BOOL_CONVERSION = YES;
				CLANG_WARN_COMMA = YES;
				CLANG_WARN_CONSTANT_CONVERSION = YES;
				CLANG_WARN_DEPRECATED_OBJC_IMPLEMENTATIONS = YES;
				CLANG_WARN_DIRECT_OBJC_ISA_USAGE = YES_ERROR;
				CLANG_WARN_DOCUMENTATION_COMMENTS = YES;
				CLANG_WARN_EMPTY_BODY = YES;
				CLANG_WARN_ENUM_CONVERSION = YES;
				CLANG_WARN_INFINITE_RECURSION = YES;
				CLANG_WARN_INT_CONVERSION = YES;
				CLANG_WARN_NON_LITERAL_NULL_CONVERSION = YES;
				CLANG_WARN_OBJC_IMPLICIT_RETAIN_SELF = YES;
				CLANG_WARN_OBJC_LITERAL_CONVERSION = YES;
				CLANG_WARN_OBJC_ROOT_CLASS = YES_ERROR;
				CLANG_WARN_QUOTED_INCLUDE_IN_FRAMEWORK_HEADER = YES;
				CLANG_WARN_RANGE_LOOP_ANALYSIS = YES;
				CLANG_WARN_STRICT_PROTOTYPES = YES;
				CLANG_WARN_SUSPICIOUS_MOVE = YES;
				CLANG_WARN_UNGUARDED_AVAILABILITY = YES_AGGRESSIVE;
				CLANG_WARN_UNREACHABLE_CODE = YES;
				CLANG_WARN__DUPLICATE_METHOD_MATCH = YES;
				COPY_PHASE_STRIP = NO;
				DEBUG_INFORMATION_FORMAT = "dwarf-with-dsym";
				ENABLE_NS_ASSERTIONS = NO;
				ENABLE_STRICT_OBJC_MSGSEND = YES;
				GCC_C_LANGUAGE_STANDARD = gnu11;
				GCC_NO_COMMON_BLOCKS = YES;
				GCC_WARN_64_TO_32_BIT_CONVERSION = YES;
				GCC_WARN_ABOUT_RETURN_TYPE = YES_ERROR;
				GCC_WARN_UNDECLARED_SELECTOR = YES;
				GCC_WARN_UNINITIALIZED_AUTOS = YES_AGGRESSIVE;
				GCC_WARN_UNUSED_FUNCTION = YES;
				GCC_WARN_UNUSED_VARIABLE = YES;
				MACOSX_DEPLOYMENT_TARGET = 13.0;
				MTL_ENABLE_DEBUG_INFO = NO;
				MTL_FAST_MATH = YES;
				PRODUCT_NAME = "$(TARGET_NAME)";
				SDKROOT = macosx;
				SWIFT_COMPILATION_MODE = wholemodule;
				SWIFT_OPTIMIZATION_LEVEL = "-O";
				SWIFT_VERSION = 5.0;
			};
			name = Release;
		};
		441058AEDE7F0AD9378B5F86 /* Release */ = {
			isa = XCBuildConfiguration;
			buildSettings = {
				BUNDLE_LOADER = "$(TEST_HOST)";
				COMBINE_HIDPI_IMAGES = YES;
				GENERATE_INFOPLIST_FILE = YES;
				LD_RUNPATH_SEARCH_PATHS = (
					"$(inherited)",
					"@executable_path/../Frameworks",
					"@loader_path/../Frameworks",
				);
				MACOSX_DEPLOYMENT_TARGET = 13.0;
				PRODUCT_BUNDLE_IDENTIFIER = com.marsedit.MarsEditTests;
				SDKROOT = macosx;
				SWIFT_VERSION = 5.9;
				TEST_HOST = "$(BUILT_PRODUCTS_DIR)/Yanmo.app/Contents/MacOS/Yanmo";
			};
			name = Release;
		};
		6F7842FC954CB16279D671CB /* Debug */ = {
			isa = XCBuildConfiguration;
			buildSettings = {
				ALWAYS_SEARCH_USER_PATHS = NO;
				CLANG_ANALYZER_NONNULL = YES;
				CLANG_ANALYZER_NUMBER_OBJECT_CONVERSION = YES_AGGRESSIVE;
				CLANG_CXX_LANGUAGE_STANDARD = "gnu++14";
				CLANG_CXX_LIBRARY = "libc++";
				CLANG_ENABLE_MODULES = YES;
				CLANG_ENABLE_OBJC_ARC = YES;
				CLANG_ENABLE_OBJC_WEAK = YES;
				CLANG_WARN_BLOCK_CAPTURE_AUTORELEASING = YES;
				CLANG_WARN_BOOL_CONVERSION = YES;
				CLANG_WARN_COMMA = YES;
				CLANG_WARN_CONSTANT_CONVERSION = YES;
				CLANG_WARN_DEPRECATED_OBJC_IMPLEMENTATIONS = YES;
				CLANG_WARN_DIRECT_OBJC_ISA_USAGE = YES_ERROR;
				CLANG_WARN_DOCUMENTATION_COMMENTS = YES;
				CLANG_WARN_EMPTY_BODY = YES;
				CLANG_WARN_ENUM_CONVERSION = YES;
				CLANG_WARN_INFINITE_RECURSION = YES;
				CLANG_WARN_INT_CONVERSION = YES;
				CLANG_WARN_NON_LITERAL_NULL_CONVERSION = YES;
				CLANG_WARN_OBJC_IMPLICIT_RETAIN_SELF = YES;
				CLANG_WARN_OBJC_LITERAL_CONVERSION = YES;
				CLANG_WARN_OBJC_ROOT_CLASS = YES_ERROR;
				CLANG_WARN_QUOTED_INCLUDE_IN_FRAMEWORK_HEADER = YES;
				CLANG_WARN_RANGE_LOOP_ANALYSIS = YES;
				CLANG_WARN_STRICT_PROTOTYPES = YES;
				CLANG_WARN_SUSPICIOUS_MOVE = YES;
				CLANG_WARN_UNGUARDED_AVAILABILITY = YES_AGGRESSIVE;
				CLANG_WARN_UNREACHABLE_CODE = YES;
				CLANG_WARN__DUPLICATE_METHOD_MATCH = YES;
				COPY_PHASE_STRIP = NO;
				DEBUG_INFORMATION_FORMAT = dwarf;
				ENABLE_STRICT_OBJC_MSGSEND = YES;
				ENABLE_TESTABILITY = YES;
				GCC_C_LANGUAGE_STANDARD = gnu11;
				GCC_DYNAMIC_NO_PIC = NO;
				GCC_NO_COMMON_BLOCKS = YES;
				GCC_OPTIMIZATION_LEVEL = 0;
				GCC_PREPROCESSOR_DEFINITIONS = (
					"$(inherited)",
					"DEBUG=1",
				);
				GCC_WARN_64_TO_32_BIT_CONVERSION = YES;
				GCC_WARN_ABOUT_RETURN_TYPE = YES_ERROR;
				GCC_WARN_UNDECLARED_SELECTOR = YES;
				GCC_WARN_UNINITIALIZED_AUTOS = YES_AGGRESSIVE;
				GCC_WARN_UNUSED_FUNCTION = YES;
				GCC_WARN_UNUSED_VARIABLE = YES;
				MACOSX_DEPLOYMENT_TARGET = 13.0;
				MTL_ENABLE_DEBUG_INFO = INCLUDE_SOURCE;
				MTL_FAST_MATH = YES;
				ONLY_ACTIVE_ARCH = YES;
				PRODUCT_NAME = "$(TARGET_NAME)";
				SDKROOT = macosx;
				SWIFT_ACTIVE_COMPILATION_CONDITIONS = DEBUG;
				SWIFT_OPTIMIZATION_LEVEL = "-Onone";
				SWIFT_VERSION = 5.0;
			};
			name = Debug;
		};
		8D053B5A4766CD453FFFF0C3 /* Debug */ = {
			isa = XCBuildConfiguration;
			buildSettings = {
				ASSETCATALOG_COMPILER_APPICON_NAME = AppIcon;
				CODE_SIGN_ENTITLEMENTS = MarsEdit/MarsEdit.entitlements;
				COMBINE_HIDPI_IMAGES = YES;
				ENABLE_HARDENED_RUNTIME = YES;
				GENERATE_INFOPLIST_FILE = NO;
				INFOPLIST_FILE = MarsEdit/Info.plist;
				LD_RUNPATH_SEARCH_PATHS = (
					"$(inherited)",
					"@executable_path/../Frameworks",
				);
				MACOSX_DEPLOYMENT_TARGET = 13.0;
				PRODUCT_BUNDLE_IDENTIFIER = com.marsedit.app;
				PRODUCT_MODULE_NAME = MarsEdit;
				PRODUCT_NAME = Yanmo;
				SDKROOT = macosx;
				SWIFT_VERSION = 5.9;
			};
			name = Debug;
		};
		A5A83F7B237FB3B0AC74295C /* Release */ = {
			isa = XCBuildConfiguration;
			buildSettings = {
				ASSETCATALOG_COMPILER_APPICON_NAME = AppIcon;
				CODE_SIGN_ENTITLEMENTS = MarsEdit/MarsEdit.entitlements;
				COMBINE_HIDPI_IMAGES = YES;
				ENABLE_HARDENED_RUNTIME = YES;
				GENERATE_INFOPLIST_FILE = NO;
				INFOPLIST_FILE = MarsEdit/Info.plist;
				LD_RUNPATH_SEARCH_PATHS = (
					"$(inherited)",
					"@executable_path/../Frameworks",
				);
				MACOSX_DEPLOYMENT_TARGET = 13.0;
				PRODUCT_BUNDLE_IDENTIFIER = com.marsedit.app;
				PRODUCT_MODULE_NAME = MarsEdit;
				PRODUCT_NAME = Yanmo;
				SDKROOT = macosx;
				SWIFT_VERSION = 5.9;
			};
			name = Release;
		};
		EE02E23F854AB7DD09D0ACF1 /* Debug */ = {
			isa = XCBuildConfiguration;
			buildSettings = {
				BUNDLE_LOADER = "$(TEST_HOST)";
				COMBINE_HIDPI_IMAGES = YES;
				GENERATE_INFOPLIST_FILE = YES;
				LD_RUNPATH_SEARCH_PATHS = (
					"$(inherited)",
					"@executable_path/../Frameworks",
					"@loader_path/../Frameworks",
				);
				MACOSX_DEPLOYMENT_TARGET = 13.0;
				PRODUCT_BUNDLE_IDENTIFIER = com.marsedit.MarsEditTests;
				SDKROOT = macosx;
				SWIFT_VERSION = 5.9;
				TEST_HOST = "$(BUILT_PRODUCTS_DIR)/Yanmo.app/Contents/MacOS/Yanmo";
			};
			name = Debug;
		};
/* End XCBuildConfiguration section */

/* Begin XCConfigurationList section */
		624EB9BBC57B0C6BD62CE38F /* Build configuration list for PBXNativeTarget "MarsEdit" */ = {
			isa = XCConfigurationList;
			buildConfigurations = (
				8D053B5A4766CD453FFFF0C3 /* Debug */,
				A5A83F7B237FB3B0AC74295C /* Release */,
			);
			defaultConfigurationIsVisible = 0;
			defaultConfigurationName = Debug;
		};
		C0DD55592CCEF8D5D5A9C96A /* Build configuration list for PBXNativeTarget "MarsEditTests" */ = {
			isa = XCConfigurationList;
			buildConfigurations = (
				EE02E23F854AB7DD09D0ACF1 /* Debug */,
				441058AEDE7F0AD9378B5F86 /* Release */,
			);
			defaultConfigurationIsVisible = 0;
			defaultConfigurationName = Debug;
		};
		C3010DCB937E76AF1A766BF1 /* Build configuration list for PBXProject "MarsEdit" */ = {
			isa = XCConfigurationList;
			buildConfigurations = (
				6F7842FC954CB16279D671CB /* Debug */,
				1FED43E4EA7A9AB4C7802CEF /* Release */,
			);
			defaultConfigurationIsVisible = 0;
			defaultConfigurationName = Debug;
		};
/* End XCConfigurationList section */

/* Begin XCRemoteSwiftPackageReference section */
		F4216F0B86039832E3A35830 /* XCRemoteSwiftPackageReference "swift-markdown" */ = {
			isa = XCRemoteSwiftPackageReference;
			repositoryURL = "https://github.com/apple/swift-markdown.git";
			requirement = {
				kind = upToNextMajorVersion;
				minimumVersion = 0.4.0;
			};
		};
/* End XCRemoteSwiftPackageReference section */

/* Begin XCSwiftPackageProductDependency section */
		26711A8252F0CA1D8824652F /* Markdown */ = {
			isa = XCSwiftPackageProductDependency;
			package = F4216F0B86039832E3A35830 /* XCRemoteSwiftPackageReference "swift-markdown" */;
			productName = Markdown;
		};
/* End XCSwiftPackageProductDependency section */
	};
	rootObject = D2410C834CF6981E377DE807 /* Project object */;
}
