// !$*UTF8*$!
{
	archiveVersion = 1;
	classes = {
	};
	objectVersion = 77;
	objects = {

/* Begin PBXBuildFile section */
		0072377411698E8BC36B98E8 /* EditorView.swift in Sources */ = {isa = PBXBuildFile; fileRef = 0692BDB9BC777A4CE089D54B /* EditorView.swift */; };
		06A661E8EEA3024785F5ED3D /* TemplateStore.swift in Sources */ = {isa = PBXBuildFile; fileRef = 107821B459DD049973057088 /* TemplateStore.swift */; };
		09E5973F989AE6BB6F3A50F1 /* PDFExporter.swift in Sources */ = {isa = PBXBuildFile; fileRef = 91A26AC13A0E033136D08A8D /* PDFExporter.swift */; };
		0EFD6EA34D8E18516A3FEA87 /* FrontMatterTests.swift in Sources */ = {isa = PBXBuildFile; fileRef = 23435B528CA593DA23C135FA /* FrontMatterTests.swift */; };
		176448201F835B471376DED4 /* Markdown in Frameworks */ = {isa = PBXBuildFile; productRef = 7B6644D7851974395F9550DA /* Markdown */; };
		244F4CC51329121F05D17C10 /* YanmoApp.swift in Sources */ = {isa = PBXBuildFile; fileRef = 2E2CBAE570E61F0204C6CD65 /* YanmoApp.swift */; };
		2CEB74E036F599E174B4878C /* MarkdownRendererPathTests.swift in Sources */ = {isa = PBXBuildFile; fileRef = F18937599CC2BA3C3B05B96C /* MarkdownRendererPathTests.swift */; };
		3909623B746056880A043F12 /* MarkdownRenderer.swift in Sources */ = {isa = PBXBuildFile; fileRef = 7FC4E9AFE81A9E12B7D306B6 /* MarkdownRenderer.swift */; };
		3CD3B1C42E34A8AFDBDF547E /* OutlineParserTests.swift in Sources */ = {isa = PBXBuildFile; fileRef = 6BA8B9802DEF3AA6F37A675D /* OutlineParserTests.swift */; };
		4140B2B7E19DD24D1A55B508 /* ViewMode.swift in Sources */ = {isa = PBXBuildFile; fileRef = 8810561BEE28DE409FCCE05D /* ViewMode.swift */; };
		428926D09F5A868DE1717321 /* MarkdownRendererSanitizationTests.swift in Sources */ = {isa = PBXBuildFile; fileRef = 1B366B70318C26E7210C29A7 /* MarkdownRendererSanitizationTests.swift */; };
		47439A8ED9D01493388A2951 /* MarkdownDocument.swift in Sources */ = {isa = PBXBuildFile; fileRef = 0DA764111126304D2A68791C /* MarkdownDocument.swift */; };
		4751DEE6DD2144CBD75120AB /* StatusBarView.swift in Sources */ = {isa = PBXBuildFile; fileRef = 9D36B36EED539F5EDB804A8A /* StatusBarView.swift */; };
		4D5BB32A965B166F9536207A /* LocalAssetSchemeHandler.swift in Sources */ = {isa = PBXBuildFile; fileRef = DEC5CFBA33336A8C6E2D7B4C /* LocalAssetSchemeHandler.swift */; };
		4E61DB03746989FE81B64644 /* Theme.swift in Sources */ = {isa = PBXBuildFile; fileRef = 7FDA74E25AB6EFF47374CABE /* Theme.swift */; };
		503E3EB0AC383A22CC289FEA /* CommandLineToolInstallerTests.swift in Sources */ = {isa = PBXBuildFile; fileRef = BE01326BF9DC666C9D2EA744 /* CommandLineToolInstallerTests.swift */; };
		62E91E4F6C394347754ACBB2 /* OutlineItem.swift in Sources */ = {isa = PBXBuildFile; fileRef = 3A101A99024583B6C4DFB3AF /* OutlineItem.swift */; };
		6FCE6BE2B7C5E53373871FBF /* ToolbarView.swift in Sources */ = {isa = PBXBuildFile; fileRef = 589216E85F973407A19F0386 /* ToolbarView.swift */; };
		796B0F78B2478CF603119736 /* AppIcon.icon in Resources */ = {isa = PBXBuildFile; fileRef = 2263CAB01C5691D225F84DE6 /* AppIcon.icon */; };
		7C01A9862B81968EA6E9B986 /* Templates in Resources */ = {isa = PBXBuildFile; fileRef = 245061506927010F2AA887E5 /* Templates */; };
		7C6673E9BEB81506D1B54263 /* CommandLineToolInstaller.swift in Sources */ = {isa = PBXBuildFile; fileRef = FF141B6483E8867BFDF14A5C /* CommandLineToolInstaller.swift */; };
		8277CB3F701D0BE305CE0584 /* ContentView.swift in Sources */ = {isa = PBXBuildFile; fileRef = C669319C1474BF86E439FAC6 /* ContentView.swift */; };
		89917770A629FACA8CBC0B77 /* HTMLExporter.swift in Sources */ = {isa = PBXBuildFile; fileRef = 42FDFD7AAEFFE91FC7744439 /* HTMLExporter.swift */; };
		9116FA4E68847192EF79F896 /* Assets.xcassets in Resources */ = {isa = PBXBuildFile; fileRef = 77375C466E9A1011934790AC /* Assets.xcassets */; };
		9170980DB6B4D898DC8D457B /* yanmo in Resources */ = {isa = PBXBuildFile; fileRef = F191113E6E103D716555F71A /* yanmo */; };
		990F32C22F1323C7BCAEEE32 /* AppSettings.swift in Sources */ = {isa = PBXBuildFile; fileRef = 51DAE97C534C465F68E87B14 /* AppSettings.swift */; };
		99E07313D0298AFC482C35C4 /* TemplateStoreTests.swift in Sources */ = {isa = PBXBuildFile; fileRef = 2F1B6E8A31C716F6166895B2 /* TemplateStoreTests.swift */; };
		A37B7F192C341DBFAEE8E89C /* AppSettingsThemeTests.swift in Sources */ = {isa = PBXBuildFile; fileRef = 54AC50BB96377FAFB977D381 /* AppSettingsThemeTests.swift */; };
		B00377A35D123668ACD1A359 /* FrontMatter.swift in Sources */ = {isa = PBXBuildFile; fileRef = 53D57A48D8B6B6C0406CF75E /* FrontMatter.swift */; };
		B0BB29BEFA45DA3AFBD97270 /* SyntaxHighlighter.swift in Sources */ = {isa = PBXBuildFile; fileRef = 6456C7B024C6594C8595C338 /* SyntaxHighlighter.swift */; };
		B6D5E0E7D2428A0BEB982A0D /* Themes in Resources */ = {isa = PBXBuildFile; fileRef = D9282E6E724EA8ED0F1F6213 /* Themes */; };
		B9EA2FAA6E212C5861FAAA1F /* FontPickerButton.swift in Sources */ = {isa = PBXBuildFile; fileRef = 7D48D13C089A99041E4B2E51 /* FontPickerButton.swift */; };
		DA861E96F9D732C8FF10EB6C /* PreferencesView.swift in Sources */ = {isa = PBXBuildFile; fileRef = 35807AC6D48C2C845DDBBBFD /* PreferencesView.swift */; };
		E873113579AEA367678DB6A5 /* PreviewView.swift in Sources */ = {isa = PBXBuildFile; fileRef = DD3F31049A0896506837B3D6 /* PreviewView.swift */; };
		F93FF048E3C9445DD7CD4ADF /* OutlineSidebar.swift in Sources */ = {isa = PBXBuildFile; fileRef = 57BB4516F76D6A6B7A188A06 /* OutlineSidebar.swift */; };
/* End PBXBuildFile section */

/* Begin PBXContainerItemProxy section */
		BE14BDDBBD7711CF07404612 /* PBXContainerItemProxy */ = {
			isa = PBXContainerItemProxy;
			containerPortal = CA8E6963B2D385F4499AD7EA /* Project object */;
			proxyType = 1;
			remoteGlobalIDString = D332A06AD34FB871155A675E;
			remoteInfo = Yanmo;
		};
/* End PBXContainerItemProxy section */

/* Begin PBXFileReference section */
		0692BDB9BC777A4CE089D54B /* EditorView.swift */ = {isa = PBXFileReference; lastKnownFileType = sourcecode.swift; path = EditorView.swift; sourceTree = "<group>"; };
		0DA764111126304D2A68791C /* MarkdownDocument.swift */ = {isa = PBXFileReference; lastKnownFileType = sourcecode.swift; path = MarkdownDocument.swift; sourceTree = "<group>"; };
		107821B459DD049973057088 /* TemplateStore.swift */ = {isa = PBXFileReference; lastKnownFileType = sourcecode.swift; path = TemplateStore.swift; sourceTree = "<group>"; };
		120975C205B25040D34404E4 /* YanmoTests.xctest */ = {isa = PBXFileReference; explicitFileType = wrapper.cfbundle; includeInIndex = 0; path = YanmoTests.xctest; sourceTree = BUILT_PRODUCTS_DIR; };
		1B366B70318C26E7210C29A7 /* MarkdownRendererSanitizationTests.swift */ = {isa = PBXFileReference; lastKnownFileType = sourcecode.swift; path = MarkdownRendererSanitizationTests.swift; sourceTree = "<group>"; };
		2263CAB01C5691D225F84DE6 /* AppIcon.icon */ = {isa = PBXFileReference; lastKnownFileType = wrapper.icon; path = AppIcon.icon; sourceTree = "<group>"; };
		23435B528CA593DA23C135FA /* FrontMatterTests.swift */ = {isa = PBXFileReference; lastKnownFileType = sourcecode.swift; path = FrontMatterTests.swift; sourceTree = "<group>"; };
		245061506927010F2AA887E5 /* Templates */ = {isa = PBXFileReference; lastKnownFileType = folder; name = Templates; path = Yanmo/Resources/Templates; sourceTree = SOURCE_ROOT; };
		2E2CBAE570E61F0204C6CD65 /* YanmoApp.swift */ = {isa = PBXFileReference; lastKnownFileType = sourcecode.swift; path = YanmoApp.swift; sourceTree = "<group>"; };
		2F1B6E8A31C716F6166895B2 /* TemplateStoreTests.swift */ = {isa = PBXFileReference; lastKnownFileType = sourcecode.swift; path = TemplateStoreTests.swift; sourceTree = "<group>"; };
		35807AC6D48C2C845DDBBBFD /* PreferencesView.swift */ = {isa = PBXFileReference; lastKnownFileType = sourcecode.swift; path = PreferencesView.swift; sourceTree = "<group>"; };
		3A101A99024583B6C4DFB3AF /* OutlineItem.swift */ = {isa = PBXFileReference; lastKnownFileType = sourcecode.swift; path = OutlineItem.swift; sourceTree = "<group>"; };
		4127966017BB4B82BB4C7CDC /* Info.plist */ = {isa = PBXFileReference; lastKnownFileType = text.plist; path = Info.plist; sourceTree = "<group>"; };
		42FDFD7AAEFFE91FC7744439 /* HTMLExporter.swift */ = {isa = PBXFileReference; lastKnownFileType = sourcecode.swift; path = HTMLExporter.swift; sourceTree = "<group>"; };
		51DAE97C534C465F68E87B14 /* AppSettings.swift */ = {isa = PBXFileReference; lastKnownFileType = sourcecode.swift; path = AppSettings.swift; sourceTree = "<group>"; };
		53D57A48D8B6B6C0406CF75E /* FrontMatter.swift */ = {isa = PBXFileReference; lastKnownFileType = sourcecode.swift; path = FrontMatter.swift; sourceTree = "<group>"; };
		54AC50BB96377FAFB977D381 /* AppSettingsThemeTests.swift */ = {isa = PBXFileReference; lastKnownFileType = sourcecode.swift; path = AppSettingsThemeTests.swift; sourceTree = "<group>"; };
		57BB4516F76D6A6B7A188A06 /* OutlineSidebar.swift */ = {isa = PBXFileReference; lastKnownFileType = sourcecode.swift; path = OutlineSidebar.swift; sourceTree = "<group>"; };
		589216E85F973407A19F0386 /* ToolbarView.swift */ = {isa = PBXFileReference; lastKnownFileType = sourcecode.swift; path = ToolbarView.swift; sourceTree = "<group>"; };
		6456C7B024C6594C8595C338 /* SyntaxHighlighter.swift */ = {isa = PBXFileReference; lastKnownFileType = sourcecode.swift; path = SyntaxHighlighter.swift; sourceTree = "<group>"; };
		6BA8B9802DEF3AA6F37A675D /* OutlineParserTests.swift */ = {isa = PBXFileReference; lastKnownFileType = sourcecode.swift; path = OutlineParserTests.swift; sourceTree = "<group>"; };
		77375C466E9A1011934790AC /* Assets.xcassets */ = {isa = PBXFileReference; lastKnownFileType = folder.assetcatalog; path = Assets.xcassets; sourceTree = "<group>"; };
		7D48D13C089A99041E4B2E51 /* FontPickerButton.swift */ = {isa = PBXFileReference; lastKnownFileType = sourcecode.swift; path = FontPickerButton.swift; sourceTree = "<group>"; };
		7FC4E9AFE81A9E12B7D306B6 /* MarkdownRenderer.swift */ = {isa = PBXFileReference; lastKnownFileType = sourcecode.swift; path = MarkdownRenderer.swift; sourceTree = "<group>"; };
		7FDA74E25AB6EFF47374CABE /* Theme.swift */ = {isa = PBXFileReference; lastKnownFileType = sourcecode.swift; path = Theme.swift; sourceTree = "<group>"; };
		8810561BEE28DE409FCCE05D /* ViewMode.swift */ = {isa = PBXFileReference; lastKnownFileType = sourcecode.swift; path = ViewMode.swift; sourceTree = "<group>"; };
		91A26AC13A0E033136D08A8D /* PDFExporter.swift */ = {isa = PBXFileReference; lastKnownFileType = sourcecode.swift; path = PDFExporter.swift; sourceTree = "<group>"; };
		9305B2995E9BE7292DC42847 /* Yanmo.entitlements */ = {isa = PBXFileReference; lastKnownFileType = text.plist.entitlements; path = Yanmo.entitlements; sourceTree = "<group>"; };
		9D36B36EED539F5EDB804A8A /* StatusBarView.swift */ = {isa = PBXFileReference; lastKnownFileType = sourcecode.swift; path = StatusBarView.swift; sourceTree = "<group>"; };
		B19D6A1CE628230B6A5341B7 /* Yanmo.app */ = {isa = PBXFileReference; explicitFileType = wrapper.application; includeInIndex = 0; path = Yanmo.app; sourceTree = BUILT_PRODUCTS_DIR; };
		BE01326BF9DC666C9D2EA744 /* CommandLineToolInstallerTests.swift */ = {isa = PBXFileReference; lastKnownFileType = sourcecode.swift; path = CommandLineToolInstallerTests.swift; sourceTree = "<group>"; };
		C669319C1474BF86E439FAC6 /* ContentView.swift */ = {isa = PBXFileReference; lastKnownFileType = sourcecode.swift; path = ContentView.swift; sourceTree = "<group>"; };
		D9282E6E724EA8ED0F1F6213 /* Themes */ = {isa = PBXFileReference; lastKnownFileType = folder; name = Themes; path = Yanmo/Resources/Themes; sourceTree = SOURCE_ROOT; };
		DD3F31049A0896506837B3D6 /* PreviewView.swift */ = {isa = PBXFileReference; lastKnownFileType = sourcecode.swift; path = PreviewView.swift; sourceTree = "<group>"; };
		DEC5CFBA33336A8C6E2D7B4C /* LocalAssetSchemeHandler.swift */ = {isa = PBXFileReference; lastKnownFileType = sourcecode.swift; path = LocalAssetSchemeHandler.swift; sourceTree = "<group>"; };
		F18937599CC2BA3C3B05B96C /* MarkdownRendererPathTests.swift */ = {isa = PBXFileReference; lastKnownFileType = sourcecode.swift; path = MarkdownRendererPathTests.swift; sourceTree = "<group>"; };
		F191113E6E103D716555F71A /* yanmo */ = {isa = PBXFileReference; path = yanmo; sourceTree = "<group>"; };
		FF141B6483E8867BFDF14A5C /* CommandLineToolInstaller.swift */ = {isa = PBXFileReference; lastKnownFileType = sourcecode.swift; path = CommandLineToolInstaller.swift; sourceTree = "<group>"; };
/* End PBXFileReference section */

/* Begin PBXFrameworksBuildPhase section */
		1AA8510C1E1BBCD2E81C0D1F /* Frameworks */ = {
			isa = PBXFrameworksBuildPhase;
			buildActionMask = 2147483647;
			files = (
				176448201F835B471376DED4 /* Markdown in Frameworks */,
			);
			runOnlyForDeploymentPostprocessing = 0;
		};
/* End PBXFrameworksBuildPhase section */

/* Begin PBXGroup section */
		00643DD3E9B7EA23EC09F524 /* App */ = {
			isa = PBXGroup;
			children = (
				2E2CBAE570E61F0204C6CD65 /* YanmoApp.swift */,
			);
			path = App;
			sourceTree = "<group>";
		};
		0F040FBE9EE433F02A7F93DB /* Export */ = {
			isa = PBXGroup;
			children = (
				42FDFD7AAEFFE91FC7744439 /* HTMLExporter.swift */,
				91A26AC13A0E033136D08A8D /* PDFExporter.swift */,
			);
			path = Export;
			sourceTree = "<group>";
		};
		2D0E97A13FE4B306F650054F /* Resources */ = {
			isa = PBXGroup;
			children = (
				2263CAB01C5691D225F84DE6 /* AppIcon.icon */,
				F191113E6E103D716555F71A /* yanmo */,
			);
			name = Resources;
			path = Yanmo/Resources;
			sourceTree = "<group>";
		};
		3A11FF66C1568FF4E128A684 /* Document */ = {
			isa = PBXGroup;
			children = (
				0DA764111126304D2A68791C /* MarkdownDocument.swift */,
			);
			path = Document;
			sourceTree = "<group>";
		};
		45CA573E8715DE0F843A0D80 /* YanmoTests */ = {
			isa = PBXGroup;
			children = (
				54AC50BB96377FAFB977D381 /* AppSettingsThemeTests.swift */,
				BE01326BF9DC666C9D2EA744 /* CommandLineToolInstallerTests.swift */,
				23435B528CA593DA23C135FA /* FrontMatterTests.swift */,
				F18937599CC2BA3C3B05B96C /* MarkdownRendererPathTests.swift */,
				1B366B70318C26E7210C29A7 /* MarkdownRendererSanitizationTests.swift */,
				6BA8B9802DEF3AA6F37A675D /* OutlineParserTests.swift */,
				2F1B6E8A31C716F6166895B2 /* TemplateStoreTests.swift */,
			);
			path = YanmoTests;
			sourceTree = "<group>";
		};
		4B1F4C47624DFE9AF09D2A8E /* Yanmo */ = {
			isa = PBXGroup;
			children = (
				77375C466E9A1011934790AC /* Assets.xcassets */,
				4127966017BB4B82BB4C7CDC /* Info.plist */,
				9305B2995E9BE7292DC42847 /* Yanmo.entitlements */,
				00643DD3E9B7EA23EC09F524 /* App */,
				3A11FF66C1568FF4E128A684 /* Document */,
				0F040FBE9EE433F02A7F93DB /* Export */,
				C12B9D480CA7AD751B73F8BF /* Models */,
				556B29BC84ADAA9358791A27 /* Preferences */,
				ADAB46D532CE17C007D24A38 /* Rendering */,
				532CA93E3264C269CC57BB37 /* Views */,
			);
			path = Yanmo;
			sourceTree = "<group>";
		};
		532CA93E3264C269CC57BB37 /* Views */ = {
			isa = PBXGroup;
			children = (
				C669319C1474BF86E439FAC6 /* ContentView.swift */,
				0692BDB9BC777A4CE089D54B /* EditorView.swift */,
				57BB4516F76D6A6B7A188A06 /* OutlineSidebar.swift */,
				DD3F31049A0896506837B3D6 /* PreviewView.swift */,
				9D36B36EED539F5EDB804A8A /* StatusBarView.swift */,
				589216E85F973407A19F0386 /* ToolbarView.swift */,
			);
			path = Views;
			sourceTree = "<group>";
		};
		556B29BC84ADAA9358791A27 /* Preferences */ = {
			isa = PBXGroup;
			children = (
				FF141B6483E8867BFDF14A5C /* CommandLineToolInstaller.swift */,
				7D48D13C089A99041E4B2E51 /* FontPickerButton.swift */,
				35807AC6D48C2C845DDBBBFD /* PreferencesView.swift */,
			);
			path = Preferences;
			sourceTree = "<group>";
		};
		ADAB46D532CE17C007D24A38 /* Rendering */ = {
			isa = PBXGroup;
			children = (
				53D57A48D8B6B6C0406CF75E /* FrontMatter.swift */,
				DEC5CFBA33336A8C6E2D7B4C /* LocalAssetSchemeHandler.swift */,
				7FC4E9AFE81A9E12B7D306B6 /* MarkdownRenderer.swift */,
				6456C7B024C6594C8595C338 /* SyntaxHighlighter.swift */,
			);
			path = Rendering;
			sourceTree = "<group>";
		};
		C12B9D480CA7AD751B73F8BF /* Models */ = {
			isa = PBXGroup;
			children = (
				51DAE97C534C465F68E87B14 /* AppSettings.swift */,
				3A101A99024583B6C4DFB3AF /* OutlineItem.swift */,
				107821B459DD049973057088 /* TemplateStore.swift */,
				7FDA74E25AB6EFF47374CABE /* Theme.swift */,
				8810561BEE28DE409FCCE05D /* ViewMode.swift */,
			);
			path = Models;
			sourceTree = "<group>";
		};
		E3E2935C84182548E3C9ED07 /* Products */ = {
			isa = PBXGroup;
			children = (
				B19D6A1CE628230B6A5341B7 /* Yanmo.app */,
				120975C205B25040D34404E4 /* YanmoTests.xctest */,
			);
			name = Products;
			sourceTree = "<group>";
		};
		EA7AD65C397139B5D9D32F40 = {
			isa = PBXGroup;
			children = (
				245061506927010F2AA887E5 /* Templates */,
				D9282E6E724EA8ED0F1F6213 /* Themes */,
				2D0E97A13FE4B306F650054F /* Resources */,
				4B1F4C47624DFE9AF09D2A8E /* Yanmo */,
				45CA573E8715DE0F843A0D80 /* YanmoTests */,
				E3E2935C84182548E3C9ED07 /* Products */,
			);
			sourceTree = "<group>";
		};
/* End PBXGroup section */

/* Begin PBXNativeTarget section */
		74D5368B695D0C064A401EC7 /* YanmoTests */ = {
			isa = PBXNativeTarget;
			buildConfigurationList = 45197430C11535191E41D968 /* Build configuration list for PBXNativeTarget "YanmoTests" */;
			buildPhases = (
				2359735FEE1AB29010E03202 /* Sources */,
			);
			buildRules = (
			);
			dependencies = (
				9F3F508F9BBE535E2B109B93 /* PBXTargetDependency */,
			);
			name = YanmoTests;
			packageProductDependencies = (
			);
			productName = YanmoTests;
			productReference = 120975C205B25040D34404E4 /* YanmoTests.xctest */;
			productType = "com.apple.product-type.bundle.unit-test";
		};
		D332A06AD34FB871155A675E /* Yanmo */ = {
			isa = PBXNativeTarget;
			buildConfigurationList = 418F2041AE9C8983E393A7D5 /* Build configuration list for PBXNativeTarget "Yanmo" */;
			buildPhases = (
				A7EA41BD68F17327C122A795 /* Sources */,
				25F9A5D3B91CEB52FD1A6ED7 /* Resources */,
				1AA8510C1E1BBCD2E81C0D1F /* Frameworks */,
			);
			buildRules = (
			);
			dependencies = (
			);
			name = Yanmo;
			packageProductDependencies = (
				7B6644D7851974395F9550DA /* Markdown */,
			);
			productName = Yanmo;
			productReference = B19D6A1CE628230B6A5341B7 /* Yanmo.app */;
			productType = "com.apple.product-type.application";
		};
/* End PBXNativeTarget section */

/* Begin PBXProject section */
		CA8E6963B2D385F4499AD7EA /* Project object */ = {
			isa = PBXProject;
			attributes = {
				BuildIndependentTargetsInParallel = YES;
				LastUpgradeCheck = 1430;
				TargetAttributes = {
				};
			};
			buildConfigurationList = CD73A85117FCBB5640E8EC3E /* Build configuration list for PBXProject "Yanmo" */;
			developmentRegion = en;
			hasScannedForEncodings = 0;
			knownRegions = (
				Base,
				en,
			);
			mainGroup = EA7AD65C397139B5D9D32F40;
			minimizedProjectReferenceProxies = 1;
			packageReferences = (
				5F500FE1F958B6D72F4CE102 /* XCRemoteSwiftPackageReference "swift-markdown" */,
			);
			preferredProjectObjectVersion = 77;
			productRefGroup = E3E2935C84182548E3C9ED07 /* Products */;
			projectDirPath = "";
			projectRoot = "";
			targets = (
				D332A06AD34FB871155A675E /* Yanmo */,
				74D5368B695D0C064A401EC7 /* YanmoTests */,
			);
		};
/* End PBXProject section */

/* Begin PBXResourcesBuildPhase section */
		25F9A5D3B91CEB52FD1A6ED7 /* Resources */ = {
			isa = PBXResourcesBuildPhase;
			buildActionMask = 2147483647;
			files = (
				796B0F78B2478CF603119736 /* AppIcon.icon in Resources */,
				9116FA4E68847192EF79F896 /* Assets.xcassets in Resources */,
				7C01A9862B81968EA6E9B986 /* Templates in Resources */,
				B6D5E0E7D2428A0BEB982A0D /* Themes in Resources */,
				9170980DB6B4D898DC8D457B /* yanmo in Resources */,
			);
			runOnlyForDeploymentPostprocessing = 0;
		};
/* End PBXResourcesBuildPhase section */

/* Begin PBXSourcesBuildPhase section */
		2359735FEE1AB29010E03202 /* Sources */ = {
			isa = PBXSourcesBuildPhase;
			buildActionMask = 2147483647;
			files = (
				A37B7F192C341DBFAEE8E89C /* AppSettingsThemeTests.swift in Sources */,
				503E3EB0AC383A22CC289FEA /* CommandLineToolInstallerTests.swift in Sources */,
				0EFD6EA34D8E18516A3FEA87 /* FrontMatterTests.swift in Sources */,
				2CEB74E036F599E174B4878C /* MarkdownRendererPathTests.swift in Sources */,
				428926D09F5A868DE1717321 /* MarkdownRendererSanitizationTests.swift in Sources */,
				3CD3B1C42E34A8AFDBDF547E /* OutlineParserTests.swift in Sources */,
				99E07313D0298AFC482C35C4 /* TemplateStoreTests.swift in Sources */,
			);
			runOnlyForDeploymentPostprocessing = 0;
		};
		A7EA41BD68F17327C122A795 /* Sources */ = {
			isa = PBXSourcesBuildPhase;
			buildActionMask = 2147483647;
			files = (
				990F32C22F1323C7BCAEEE32 /* AppSettings.swift in Sources */,
				7C6673E9BEB81506D1B54263 /* CommandLineToolInstaller.swift in Sources */,
				8277CB3F701D0BE305CE0584 /* ContentView.swift in Sources */,
				0072377411698E8BC36B98E8 /* EditorView.swift in Sources */,
				B9EA2FAA6E212C5861FAAA1F /* FontPickerButton.swift in Sources */,
				B00377A35D123668ACD1A359 /* FrontMatter.swift in Sources */,
				89917770A629FACA8CBC0B77 /* HTMLExporter.swift in Sources */,
				4D5BB32A965B166F9536207A /* LocalAssetSchemeHandler.swift in Sources */,
				47439A8ED9D01493388A2951 /* MarkdownDocument.swift in Sources */,
				3909623B746056880A043F12 /* MarkdownRenderer.swift in Sources */,
				62E91E4F6C394347754ACBB2 /* OutlineItem.swift in Sources */,
				F93FF048E3C9445DD7CD4ADF /* OutlineSidebar.swift in Sources */,
				09E5973F989AE6BB6F3A50F1 /* PDFExporter.swift in Sources */,
				DA861E96F9D732C8FF10EB6C /* PreferencesView.swift in Sources */,
				E873113579AEA367678DB6A5 /* PreviewView.swift in Sources */,
				4751DEE6DD2144CBD75120AB /* StatusBarView.swift in Sources */,
				B0BB29BEFA45DA3AFBD97270 /* SyntaxHighlighter.swift in Sources */,
				06A661E8EEA3024785F5ED3D /* TemplateStore.swift in Sources */,
				4E61DB03746989FE81B64644 /* Theme.swift in Sources */,
				6FCE6BE2B7C5E53373871FBF /* ToolbarView.swift in Sources */,
				4140B2B7E19DD24D1A55B508 /* ViewMode.swift in Sources */,
				244F4CC51329121F05D17C10 /* YanmoApp.swift in Sources */,
			);
			runOnlyForDeploymentPostprocessing = 0;
		};
/* End PBXSourcesBuildPhase section */

/* Begin PBXTargetDependency section */
		9F3F508F9BBE535E2B109B93 /* PBXTargetDependency */ = {
			isa = PBXTargetDependency;
			target = D332A06AD34FB871155A675E /* Yanmo */;
			targetProxy = BE14BDDBBD7711CF07404612 /* PBXContainerItemProxy */;
		};
/* End PBXTargetDependency section */

/* Begin XCBuildConfiguration section */
		36CDF595F50AF8C90A1D3B91 /* Release */ = {
			isa = XCBuildConfiguration;
			buildSettings = {
				ASSETCATALOG_COMPILER_APPICON_NAME = AppIcon;
				CODE_SIGN_ENTITLEMENTS = Yanmo/Yanmo.entitlements;
				COMBINE_HIDPI_IMAGES = YES;
				ENABLE_HARDENED_RUNTIME = YES;
				GENERATE_INFOPLIST_FILE = NO;
				INFOPLIST_FILE = Yanmo/Info.plist;
				LD_RUNPATH_SEARCH_PATHS = (
					"$(inherited)",
					"@executable_path/../Frameworks",
				);
				MACOSX_DEPLOYMENT_TARGET = 13.0;
				PRODUCT_BUNDLE_IDENTIFIER = com.yanmo.app;
				PRODUCT_MODULE_NAME = Yanmo;
				PRODUCT_NAME = Yanmo;
				SDKROOT = macosx;
				SWIFT_VERSION = 5.9;
			};
			name = Release;
		};
		61052EFD13A5AC67F6D57C1F /* Debug */ = {
			isa = XCBuildConfiguration;
			buildSettings = {
				ASSETCATALOG_COMPILER_APPICON_NAME = AppIcon;
				CODE_SIGN_ENTITLEMENTS = Yanmo/Yanmo.entitlements;
				COMBINE_HIDPI_IMAGES = YES;
				ENABLE_HARDENED_RUNTIME = YES;
				GENERATE_INFOPLIST_FILE = NO;
				INFOPLIST_FILE = Yanmo/Info.plist;
				LD_RUNPATH_SEARCH_PATHS = (
					"$(inherited)",
					"@executable_path/../Frameworks",
				);
				MACOSX_DEPLOYMENT_TARGET = 13.0;
				PRODUCT_BUNDLE_IDENTIFIER = com.yanmo.app;
				PRODUCT_MODULE_NAME = Yanmo;
				PRODUCT_NAME = Yanmo;
				SDKROOT = macosx;
				SWIFT_VERSION = 5.9;
			};
			name = Debug;
		};
		6B98389BB31F78EE60298558 /* Release */ = {
			isa = XCBuildConfiguration;
			buildSettings = {
				ALWAYS_SEARCH_USER_PATHS = NO;
				CLANG_ANALYZER_NONNULL = YES;
				CLANG_ANALYZER_NUMBER_OBJECT_CONVERSION = YES_AGGRESSIVE;
				CLANG_CXX_LANGUAGE_STANDARD = "gnu++14";
				CLANG_CXX_LIBRARY = "libc++";
				CLANG_ENABLE_MODULES = YES;
				CLANG_ENABLE_OBJC_ARC = YES;
				CLANG_ENABLE_OBJC_WEAK = YES;
				CLANG_WARN_BLOCK_CAPTURE_AUTORELEASING = YES;
				CLANG_WARN_BOOL_CONVERSION = YES;
				CLANG_WARN_COMMA = YES;
				CLANG_WARN_CONSTANT_CONVERSION = YES;
				CLANG_WARN_DEPRECATED_OBJC_IMPLEMENTATIONS = YES;
				CLANG_WARN_DIRECT_OBJC_ISA_USAGE = YES_ERROR;
				CLANG_WARN_DOCUMENTATION_COMMENTS = YES;
				CLANG_WARN_EMPTY_BODY = YES;
				CLANG_WARN_ENUM_CONVERSION = YES;
				CLANG_WARN_INFINITE_RECURSION = YES;
				CLANG_WARN_INT_CONVERSION = YES;
				CLANG_WARN_NON_LITERAL_NULL_CONVERSION = YES;
				CLANG_WARN_OBJC_IMPLICIT_RETAIN_SELF = YES;
				CLANG_WARN_OBJC_LITERAL_CONVERSION = YES;
				CLANG_WARN_OBJC_ROOT_CLASS = YES_ERROR;
				CLANG_WARN_QUOTED_INCLUDE_IN_FRAMEWORK_HEADER = YES;
				CLANG_WARN_RANGE_LOOP_ANALYSIS = YES;
				CLANG_WARN_STRICT_PROTOTYPES = YES;
				CLANG_WARN_SUSPICIOUS_MOVE = YES;
				CLANG_WARN_UNGUARDED_AVAILABILITY = YES_AGGRESSIVE;
				CLANG_WARN_UNREACHABLE_CODE = YES;
				CLANG_WARN__DUPLICATE_METHOD_MATCH = YES;
				COPY_PHASE_STRIP = NO;
				DEBUG_INFORMATION_FORMAT = "dwarf-with-dsym";
				ENABLE_NS_ASSERTIONS = NO;
				ENABLE_STRICT_OBJC_MSGSEND = YES;
				GCC_C_LANGUAGE_STANDARD = gnu11;
				GCC_NO_COMMON_BLOCKS = YES;
				GCC_WARN_64_TO_32_BIT_CONVERSION = YES;
				GCC_WARN_ABOUT_RETURN_TYPE = YES_ERROR;
				GCC_WARN_UNDECLARED_SELECTOR = YES;
				GCC_WARN_UNINITIALIZED_AUTOS = YES_AGGRESSIVE;
				GCC_WARN_UNUSED_FUNCTION = YES;
				GCC_WARN_UNUSED_VARIABLE = YES;
				MACOSX_DEPLOYMENT_TARGET = 13.0;
				MTL_ENABLE_DEBUG_INFO = NO;
				MTL_FAST_MATH = YES;
				PRODUCT_NAME = "$(TARGET_NAME)";
				SDKROOT = macosx;
				SWIFT_COMPILATION_MODE = wholemodule;
				SWIFT_OPTIMIZATION_LEVEL = "-O";
				SWIFT_VERSION = 5.0;
			};
			name = Release;
		};
		7A248EC4F1C517A4259A230E /* Release */ = {
			isa = XCBuildConfiguration;
			buildSettings = {
				BUNDLE_LOADER = "$(TEST_HOST)";
				COMBINE_HIDPI_IMAGES = YES;
				GENERATE_INFOPLIST_FILE = YES;
				LD_RUNPATH_SEARCH_PATHS = (
					"$(inherited)",
					"@executable_path/../Frameworks",
					"@loader_path/../Frameworks",
				);
				MACOSX_DEPLOYMENT_TARGET = 13.0;
				PRODUCT_BUNDLE_IDENTIFIER = com.yanmo.YanmoTests;
				SDKROOT = macosx;
				SWIFT_VERSION = 5.9;
				TEST_HOST = "$(BUILT_PRODUCTS_DIR)/Yanmo.app/Contents/MacOS/Yanmo";
			};
			name = Release;
		};
		825116C5B91C1CB28974C316 /* Debug */ = {
			isa = XCBuildConfiguration;
			buildSettings = {
				ALWAYS_SEARCH_USER_PATHS = NO;
				CLANG_ANALYZER_NONNULL = YES;
				CLANG_ANALYZER_NUMBER_OBJECT_CONVERSION = YES_AGGRESSIVE;
				CLANG_CXX_LANGUAGE_STANDARD = "gnu++14";
				CLANG_CXX_LIBRARY = "libc++";
				CLANG_ENABLE_MODULES = YES;
				CLANG_ENABLE_OBJC_ARC = YES;
				CLANG_ENABLE_OBJC_WEAK = YES;
				CLANG_WARN_BLOCK_CAPTURE_AUTORELEASING = YES;
				CLANG_WARN_BOOL_CONVERSION = YES;
				CLANG_WARN_COMMA = YES;
				CLANG_WARN_CONSTANT_CONVERSION = YES;
				CLANG_WARN_DEPRECATED_OBJC_IMPLEMENTATIONS = YES;
				CLANG_WARN_DIRECT_OBJC_ISA_USAGE = YES_ERROR;
				CLANG_WARN_DOCUMENTATION_COMMENTS = YES;
				CLANG_WARN_EMPTY_BODY = YES;
				CLANG_WARN_ENUM_CONVERSION = YES;
				CLANG_WARN_INFINITE_RECURSION = YES;
				CLANG_WARN_INT_CONVERSION = YES;
				CLANG_WARN_NON_LITERAL_NULL_CONVERSION = YES;
				CLANG_WARN_OBJC_IMPLICIT_RETAIN_SELF = YES;
				CLANG_WARN_OBJC_LITERAL_CONVERSION = YES;
				CLANG_WARN_OBJC_ROOT_CLASS = YES_ERROR;
				CLANG_WARN_QUOTED_INCLUDE_IN_FRAMEWORK_HEADER = YES;
				CLANG_WARN_RANGE_LOOP_ANALYSIS = YES;
				CLANG_WARN_STRICT_PROTOTYPES = YES;
				CLANG_WARN_SUSPICIOUS_MOVE = YES;
				CLANG_WARN_UNGUARDED_AVAILABILITY = YES_AGGRESSIVE;
				CLANG_WARN_UNREACHABLE_CODE = YES;
				CLANG_WARN__DUPLICATE_METHOD_MATCH = YES;
				COPY_PHASE_STRIP = NO;
				DEBUG_INFORMATION_FORMAT = dwarf;
				ENABLE_STRICT_OBJC_MSGSEND = YES;
				ENABLE_TESTABILITY = YES;
				GCC_C_LANGUAGE_STANDARD = gnu11;
				GCC_DYNAMIC_NO_PIC = NO;
				GCC_NO_COMMON_BLOCKS = YES;
				GCC_OPTIMIZATION_LEVEL = 0;
				GCC_PREPROCESSOR_DEFINITIONS = (
					"$(inherited)",
					"DEBUG=1",
				);
				GCC_WARN_64_TO_32_BIT_CONVERSION = YES;
				GCC_WARN_ABOUT_RETURN_TYPE = YES_ERROR;
				GCC_WARN_UNDECLARED_SELECTOR = YES;
				GCC_WARN_UNINITIALIZED_AUTOS = YES_AGGRESSIVE;
				GCC_WARN_UNUSED_FUNCTION = YES;
				GCC_WARN_UNUSED_VARIABLE = YES;
				MACOSX_DEPLOYMENT_TARGET = 13.0;
				MTL_ENABLE_DEBUG_INFO = INCLUDE_SOURCE;
				MTL_FAST_MATH = YES;
				ONLY_ACTIVE_ARCH = YES;
				PRODUCT_NAME = "$(TARGET_NAME)";
				SDKROOT = macosx;
				SWIFT_ACTIVE_COMPILATION_CONDITIONS = DEBUG;
				SWIFT_OPTIMIZATION_LEVEL = "-Onone";
				SWIFT_VERSION = 5.0;
			};
			name = Debug;
		};
		AAEACE4034EA33DE4C0805EE /* Debug */ = {
			isa = XCBuildConfiguration;
			buildSettings = {
				BUNDLE_LOADER = "$(TEST_HOST)";
				COMBINE_HIDPI_IMAGES = YES;
				GENERATE_INFOPLIST_FILE = YES;
				LD_RUNPATH_SEARCH_PATHS = (
					"$(inherited)",
					"@executable_path/../Frameworks",
					"@loader_path/../Frameworks",
				);
				MACOSX_DEPLOYMENT_TARGET = 13.0;
				PRODUCT_BUNDLE_IDENTIFIER = com.yanmo.YanmoTests;
				SDKROOT = macosx;
				SWIFT_VERSION = 5.9;
				TEST_HOST = "$(BUILT_PRODUCTS_DIR)/Yanmo.app/Contents/MacOS/Yanmo";
			};
			name = Debug;
		};
/* End XCBuildConfiguration section */

/* Begin XCConfigurationList section */
		418F2041AE9C8983E393A7D5 /* Build configuration list for PBXNativeTarget "Yanmo" */ = {
			isa = XCConfigurationList;
			buildConfigurations = (
				61052EFD13A5AC67F6D57C1F /* Debug */,
				36CDF595F50AF8C90A1D3B91 /* Release */,
			);
			defaultConfigurationIsVisible = 0;
			defaultConfigurationName = Debug;
		};
		45197430C11535191E41D968 /* Build configuration list for PBXNativeTarget "YanmoTests" */ = {
			isa = XCConfigurationList;
			buildConfigurations = (
				AAEACE4034EA33DE4C0805EE /* Debug */,
				7A248EC4F1C517A4259A230E /* Release */,
			);
			defaultConfigurationIsVisible = 0;
			defaultConfigurationName = Debug;
		};
		CD73A85117FCBB5640E8EC3E /* Build configuration list for PBXProject "Yanmo" */ = {
			isa = XCConfigurationList;
			buildConfigurations = (
				825116C5B91C1CB28974C316 /* Debug */,
				6B98389BB31F78EE60298558 /* Release */,
			);
			defaultConfigurationIsVisible = 0;
			defaultConfigurationName = Debug;
		};
/* End XCConfigurationList section */

/* Begin XCRemoteSwiftPackageReference section */
		5F500FE1F958B6D72F4CE102 /* XCRemoteSwiftPackageReference "swift-markdown" */ = {
			isa = XCRemoteSwiftPackageReference;
			repositoryURL = "https://github.com/apple/swift-markdown.git";
			requirement = {
				kind = upToNextMajorVersion;
				minimumVersion = 0.4.0;
			};
		};
/* End XCRemoteSwiftPackageReference section */

/* Begin XCSwiftPackageProductDependency section */
		7B6644D7851974395F9550DA /* Markdown */ = {
			isa = XCSwiftPackageProductDependency;
			package = 5F500FE1F958B6D72F4CE102 /* XCRemoteSwiftPackageReference "swift-markdown" */;
			productName = Markdown;
		};
/* End XCSwiftPackageProductDependency section */
	};
	rootObject = CA8E6963B2D385F4499AD7EA /* Project object */;
}
